// !$*UTF8*$!
{
	archiveVersion = 1;
	classes = {
	};
	objectVersion = 48;
	objects = {

/* Begin PBXBuildFile section */
		046343A11FD46292007285FA /* ChatViewController.swift in Sources */ = {isa = PBXBuildFile; fileRef = 046343A01FD46292007285FA /* ChatViewController.swift */; };
		046343A41FD462EA007285FA /* MenuViewController.swift in Sources */ = {isa = PBXBuildFile; fileRef = 046343A21FD462EA007285FA /* MenuViewController.swift */; };
		046343AA1FD469F1007285FA /* ChatManager.swift in Sources */ = {isa = PBXBuildFile; fileRef = 046343A91FD469F1007285FA /* ChatManager.swift */; };
		046343AC1FD46BB4007285FA /* LoginManager.swift in Sources */ = {isa = PBXBuildFile; fileRef = 046343AB1FD46BB4007285FA /* LoginManager.swift */; };
		046343AE1FD46C03007285FA /* User.swift in Sources */ = {isa = PBXBuildFile; fileRef = 046343AD1FD46C03007285FA /* User.swift */; };
		046343B01FD4AA15007285FA /* FirebaseService.swift in Sources */ = {isa = PBXBuildFile; fileRef = 046343AF1FD4AA15007285FA /* FirebaseService.swift */; };
		04BB25BA1FD8AD42003E9598 /* BubbleView.swift in Sources */ = {isa = PBXBuildFile; fileRef = 04BB25B91FD8AD42003E9598 /* BubbleView.swift */; };
		04BB25C21FD8E6D0003E9598 /* UserBubbleView.swift in Sources */ = {isa = PBXBuildFile; fileRef = 04BB25C11FD8E6D0003E9598 /* UserBubbleView.swift */; };
		04BB25C51FD8EF92003E9598 /* SenderMsgCell.swift in Sources */ = {isa = PBXBuildFile; fileRef = 04BB25C31FD8EF92003E9598 /* SenderMsgCell.swift */; };
		04BB25C61FD8EF92003E9598 /* SenderMsgCell.xib in Resources */ = {isa = PBXBuildFile; fileRef = 04BB25C41FD8EF92003E9598 /* SenderMsgCell.xib */; };
		04BB25C91FD8EFAB003E9598 /* ReceiverMsgCell.swift in Sources */ = {isa = PBXBuildFile; fileRef = 04BB25C71FD8EFAB003E9598 /* ReceiverMsgCell.swift */; };
		04BB25CA1FD8EFAB003E9598 /* ReceiverMsgCell.xib in Resources */ = {isa = PBXBuildFile; fileRef = 04BB25C81FD8EFAB003E9598 /* ReceiverMsgCell.xib */; };
		04DA195C1FD25E0600DEF6C3 /* AppDelegate.swift in Sources */ = {isa = PBXBuildFile; fileRef = 04DA195B1FD25E0600DEF6C3 /* AppDelegate.swift */; };
		04DA19611FD25E0600DEF6C3 /* Main.storyboard in Resources */ = {isa = PBXBuildFile; fileRef = 04DA195F1FD25E0600DEF6C3 /* Main.storyboard */; };
		04DA19641FD25E0600DEF6C3 /* CGMessaging.xcdatamodeld in Sources */ = {isa = PBXBuildFile; fileRef = 04DA19621FD25E0600DEF6C3 /* CGMessaging.xcdatamodeld */; };
		04DA19661FD25E0600DEF6C3 /* Assets.xcassets in Resources */ = {isa = PBXBuildFile; fileRef = 04DA19651FD25E0600DEF6C3 /* Assets.xcassets */; };
		04DA19691FD25E0600DEF6C3 /* LaunchScreen.storyboard in Resources */ = {isa = PBXBuildFile; fileRef = 04DA19671FD25E0600DEF6C3 /* LaunchScreen.storyboard */; };
		04DA19731FD33C1100DEF6C3 /* LoginViewController.swift in Sources */ = {isa = PBXBuildFile; fileRef = 04DA19721FD33C1100DEF6C3 /* LoginViewController.swift */; };
		04DA197D1FD33EE300DEF6C3 /* GoogleService-Info.plist in Resources */ = {isa = PBXBuildFile; fileRef = 04DA197C1FD33EE300DEF6C3 /* GoogleService-Info.plist */; };
		04DA19811FD3439B00DEF6C3 /* Constants.swift in Sources */ = {isa = PBXBuildFile; fileRef = 04DA19801FD3439B00DEF6C3 /* Constants.swift */; };
		04DA19831FD344CF00DEF6C3 /* Alerts.swift in Sources */ = {isa = PBXBuildFile; fileRef = 04DA19821FD344CF00DEF6C3 /* Alerts.swift */; };
		04DA19851FD346F100DEF6C3 /* Extensions.swift in Sources */ = {isa = PBXBuildFile; fileRef = 04DA19841FD346F100DEF6C3 /* Extensions.swift */; };
		04DA19891FD348C300DEF6C3 /* RootViewController.swift in Sources */ = {isa = PBXBuildFile; fileRef = 04DA19881FD348C300DEF6C3 /* RootViewController.swift */; };
		CA74F19A1686EC9FC31351D5 /* Pods_CGMessaging.framework in Frameworks */ = {isa = PBXBuildFile; fileRef = B2ADA3AC0621092BB6346C0F /* Pods_CGMessaging.framework */; };
/* End PBXBuildFile section */

/* Begin PBXCopyFilesBuildPhase section */
		04BB25B31FD8894D003E9598 /* Embed Frameworks */ = {
			isa = PBXCopyFilesBuildPhase;
			buildActionMask = 2147483647;
			dstPath = "";
			dstSubfolderSpec = 10;
			files = (
			);
			name = "Embed Frameworks";
			runOnlyForDeploymentPostprocessing = 0;
		};
/* End PBXCopyFilesBuildPhase section */

/* Begin PBXFileReference section */
		046343A01FD46292007285FA /* ChatViewController.swift */ = {isa = PBXFileReference; lastKnownFileType = sourcecode.swift; path = ChatViewController.swift; sourceTree = "<group>"; };
		046343A21FD462EA007285FA /* MenuViewController.swift */ = {isa = PBXFileReference; lastKnownFileType = sourcecode.swift; path = MenuViewController.swift; sourceTree = "<group>"; };
		046343A91FD469F1007285FA /* ChatManager.swift */ = {isa = PBXFileReference; lastKnownFileType = sourcecode.swift; path = ChatManager.swift; sourceTree = "<group>"; };
		046343AB1FD46BB4007285FA /* LoginManager.swift */ = {isa = PBXFileReference; lastKnownFileType = sourcecode.swift; path = LoginManager.swift; sourceTree = "<group>"; };
		046343AD1FD46C03007285FA /* User.swift */ = {isa = PBXFileReference; lastKnownFileType = sourcecode.swift; path = User.swift; sourceTree = "<group>"; };
		046343AF1FD4AA15007285FA /* FirebaseService.swift */ = {isa = PBXFileReference; lastKnownFileType = sourcecode.swift; path = FirebaseService.swift; sourceTree = "<group>"; };
		04BB25A51FD87C68003E9598 /* ChatBubble.framework */ = {isa = PBXFileReference; lastKnownFileType = wrapper.framework; name = ChatBubble.framework; path = ../ChatBubble/ChatBubble.framework; sourceTree = "<group>"; };
		04BB25B91FD8AD42003E9598 /* BubbleView.swift */ = {isa = PBXFileReference; lastKnownFileType = sourcecode.swift; path = BubbleView.swift; sourceTree = "<group>"; };
		04BB25C11FD8E6D0003E9598 /* UserBubbleView.swift */ = {isa = PBXFileReference; lastKnownFileType = sourcecode.swift; path = UserBubbleView.swift; sourceTree = "<group>"; };
		04BB25C31FD8EF92003E9598 /* SenderMsgCell.swift */ = {isa = PBXFileReference; lastKnownFileType = sourcecode.swift; path = SenderMsgCell.swift; sourceTree = "<group>"; };
		04BB25C41FD8EF92003E9598 /* SenderMsgCell.xib */ = {isa = PBXFileReference; lastKnownFileType = file.xib; path = SenderMsgCell.xib; sourceTree = "<group>"; };
		04BB25C71FD8EFAB003E9598 /* ReceiverMsgCell.swift */ = {isa = PBXFileReference; lastKnownFileType = sourcecode.swift; path = ReceiverMsgCell.swift; sourceTree = "<group>"; };
		04BB25C81FD8EFAB003E9598 /* ReceiverMsgCell.xib */ = {isa = PBXFileReference; lastKnownFileType = file.xib; path = ReceiverMsgCell.xib; sourceTree = "<group>"; };
		04DA19581FD25E0600DEF6C3 /* CGMessaging.app */ = {isa = PBXFileReference; explicitFileType = wrapper.application; includeInIndex = 0; path = CGMessaging.app; sourceTree = BUILT_PRODUCTS_DIR; };
		04DA195B1FD25E0600DEF6C3 /* AppDelegate.swift */ = {isa = PBXFileReference; lastKnownFileType = sourcecode.swift; path = AppDelegate.swift; sourceTree = "<group>"; };
		04DA19601FD25E0600DEF6C3 /* Base */ = {isa = PBXFileReference; lastKnownFileType = file.storyboard; name = Base; path = Base.lproj/Main.storyboard; sourceTree = "<group>"; };
		04DA19631FD25E0600DEF6C3 /* CGMessaging.xcdatamodel */ = {isa = PBXFileReference; lastKnownFileType = wrapper.xcdatamodel; path = CGMessaging.xcdatamodel; sourceTree = "<group>"; };
		04DA19651FD25E0600DEF6C3 /* Assets.xcassets */ = {isa = PBXFileReference; lastKnownFileType = folder.assetcatalog; path = Assets.xcassets; sourceTree = "<group>"; };
		04DA19681FD25E0600DEF6C3 /* Base */ = {isa = PBXFileReference; lastKnownFileType = file.storyboard; name = Base; path = Base.lproj/LaunchScreen.storyboard; sourceTree = "<group>"; };
		04DA196A1FD25E0600DEF6C3 /* Info.plist */ = {isa = PBXFileReference; lastKnownFileType = text.plist.xml; path = Info.plist; sourceTree = "<group>"; };
		04DA19721FD33C1100DEF6C3 /* LoginViewController.swift */ = {isa = PBXFileReference; lastKnownFileType = sourcecode.swift; path = LoginViewController.swift; sourceTree = "<group>"; };
		04DA197C1FD33EE300DEF6C3 /* GoogleService-Info.plist */ = {isa = PBXFileReference; fileEncoding = 4; lastKnownFileType = text.plist.xml; path = "GoogleService-Info.plist"; sourceTree = "<group>"; };
		04DA19801FD3439B00DEF6C3 /* Constants.swift */ = {isa = PBXFileReference; lastKnownFileType = sourcecode.swift; path = Constants.swift; sourceTree = "<group>"; };
		04DA19821FD344CF00DEF6C3 /* Alerts.swift */ = {isa = PBXFileReference; lastKnownFileType = sourcecode.swift; path = Alerts.swift; sourceTree = "<group>"; };
		04DA19841FD346F100DEF6C3 /* Extensions.swift */ = {isa = PBXFileReference; lastKnownFileType = sourcecode.swift; path = Extensions.swift; sourceTree = "<group>"; };
		04DA19881FD348C300DEF6C3 /* RootViewController.swift */ = {isa = PBXFileReference; lastKnownFileType = sourcecode.swift; path = RootViewController.swift; sourceTree = "<group>"; };
		1960D618E82CC88DCABBF415 /* Pods-CGMessaging.debug.xcconfig */ = {isa = PBXFileReference; includeInIndex = 1; lastKnownFileType = text.xcconfig; name = "Pods-CGMessaging.debug.xcconfig"; path = "Pods/Target Support Files/Pods-CGMessaging/Pods-CGMessaging.debug.xcconfig"; sourceTree = "<group>"; };
		582489641A9490292A196E44 /* Pods-CGMessaging.release.xcconfig */ = {isa = PBXFileReference; includeInIndex = 1; lastKnownFileType = text.xcconfig; name = "Pods-CGMessaging.release.xcconfig"; path = "Pods/Target Support Files/Pods-CGMessaging/Pods-CGMessaging.release.xcconfig"; sourceTree = "<group>"; };
		B2ADA3AC0621092BB6346C0F /* Pods_CGMessaging.framework */ = {isa = PBXFileReference; explicitFileType = wrapper.framework; includeInIndex = 0; path = Pods_CGMessaging.framework; sourceTree = BUILT_PRODUCTS_DIR; };
/* End PBXFileReference section */

/* Begin PBXFrameworksBuildPhase section */
		04DA19551FD25E0600DEF6C3 /* Frameworks */ = {
			isa = PBXFrameworksBuildPhase;
			buildActionMask = 2147483647;
			files = (
				CA74F19A1686EC9FC31351D5 /* Pods_CGMessaging.framework in Frameworks */,
			);
			runOnlyForDeploymentPostprocessing = 0;
		};
/* End PBXFrameworksBuildPhase section */

/* Begin PBXGroup section */
		046343A81FD469D7007285FA /* ViewModel */ = {
			isa = PBXGroup;
			children = (
				046343A91FD469F1007285FA /* ChatManager.swift */,
				046343AB1FD46BB4007285FA /* LoginManager.swift */,
			);
			path = ViewModel;
			sourceTree = "<group>";
		};
		04DA194F1FD25E0600DEF6C3 = {
			isa = PBXGroup;
			children = (
				04DA195A1FD25E0600DEF6C3 /* CGMessaging */,
				04DA19591FD25E0600DEF6C3 /* Products */,
				6989336DC791CF705D247A3A /* Pods */,
				955AAA72C59E9666942B2F14 /* Frameworks */,
			);
			sourceTree = "<group>";
		};
		04DA19591FD25E0600DEF6C3 /* Products */ = {
			isa = PBXGroup;
			children = (
				04DA19581FD25E0600DEF6C3 /* CGMessaging.app */,
			);
			name = Products;
			sourceTree = "<group>";
		};
		04DA195A1FD25E0600DEF6C3 /* CGMessaging */ = {
			isa = PBXGroup;
			children = (
				04DA19741FD33C2500DEF6C3 /* Model */,
				04DA19751FD33C3500DEF6C3 /* View */,
				046343A81FD469D7007285FA /* ViewModel */,
				04DA19771FD33C4300DEF6C3 /* Services */,
				04DA19781FD33C6000DEF6C3 /* Resources */,
				04DA197A1FD33C8300DEF6C3 /* Application */,
			);
			path = CGMessaging;
			sourceTree = "<group>";
		};
		04DA19741FD33C2500DEF6C3 /* Model */ = {
			isa = PBXGroup;
			children = (
				046343AD1FD46C03007285FA /* User.swift */,
			);
			path = Model;
			sourceTree = "<group>";
		};
		04DA19751FD33C3500DEF6C3 /* View */ = {
			isa = PBXGroup;
			children = (
				04DA195F1FD25E0600DEF6C3 /* Main.storyboard */,
				04DA19671FD25E0600DEF6C3 /* LaunchScreen.storyboard */,
				04DA19881FD348C300DEF6C3 /* RootViewController.swift */,
				046343A21FD462EA007285FA /* MenuViewController.swift */,
				04DA19721FD33C1100DEF6C3 /* LoginViewController.swift */,
				046343A01FD46292007285FA /* ChatViewController.swift */,
				04BB25B91FD8AD42003E9598 /* BubbleView.swift */,
				04BB25C11FD8E6D0003E9598 /* UserBubbleView.swift */,
				04BB25C31FD8EF92003E9598 /* SenderMsgCell.swift */,
				04BB25C41FD8EF92003E9598 /* SenderMsgCell.xib */,
				04BB25C71FD8EFAB003E9598 /* ReceiverMsgCell.swift */,
				04BB25C81FD8EFAB003E9598 /* ReceiverMsgCell.xib */,
			);
			path = View;
			sourceTree = "<group>";
		};
		04DA19771FD33C4300DEF6C3 /* Services */ = {
			isa = PBXGroup;
			children = (
				046343AF1FD4AA15007285FA /* FirebaseService.swift */,
				04DA19801FD3439B00DEF6C3 /* Constants.swift */,
				04DA19821FD344CF00DEF6C3 /* Alerts.swift */,
				04DA19841FD346F100DEF6C3 /* Extensions.swift */,
			);
			path = Services;
			sourceTree = "<group>";
		};
		04DA19781FD33C6000DEF6C3 /* Resources */ = {
			isa = PBXGroup;
			children = (
				04DA197C1FD33EE300DEF6C3 /* GoogleService-Info.plist */,
				04DA19651FD25E0600DEF6C3 /* Assets.xcassets */,
				04DA196A1FD25E0600DEF6C3 /* Info.plist */,
				04DA19621FD25E0600DEF6C3 /* CGMessaging.xcdatamodeld */,
			);
			name = Resources;
			sourceTree = "<group>";
		};
		04DA197A1FD33C8300DEF6C3 /* Application */ = {
			isa = PBXGroup;
			children = (
				04DA195B1FD25E0600DEF6C3 /* AppDelegate.swift */,
			);
			name = Application;
			sourceTree = "<group>";
		};
		6989336DC791CF705D247A3A /* Pods */ = {
			isa = PBXGroup;
			children = (
				1960D618E82CC88DCABBF415 /* Pods-CGMessaging.debug.xcconfig */,
				582489641A9490292A196E44 /* Pods-CGMessaging.release.xcconfig */,
			);
			name = Pods;
			sourceTree = "<group>";
		};
		955AAA72C59E9666942B2F14 /* Frameworks */ = {
			isa = PBXGroup;
			children = (
				04BB25A51FD87C68003E9598 /* ChatBubble.framework */,
				B2ADA3AC0621092BB6346C0F /* Pods_CGMessaging.framework */,
			);
			name = Frameworks;
			sourceTree = "<group>";
		};
/* End PBXGroup section */

/* Begin PBXNativeTarget section */
		04DA19571FD25E0600DEF6C3 /* CGMessaging */ = {
			isa = PBXNativeTarget;
			buildConfigurationList = 04DA196D1FD25E0600DEF6C3 /* Build configuration list for PBXNativeTarget "CGMessaging" */;
			buildPhases = (
				27C20F8B05C5CF072F0D2FFB /* [CP] Check Pods Manifest.lock */,
				04DA19541FD25E0600DEF6C3 /* Sources */,
				04DA19551FD25E0600DEF6C3 /* Frameworks */,
				04DA19561FD25E0600DEF6C3 /* Resources */,
				809694AA2686701DBB3B3719 /* [CP] Embed Pods Frameworks */,
				28786EE39C4277F5D3538063 /* [CP] Copy Pods Resources */,
				04BB25B31FD8894D003E9598 /* Embed Frameworks */,
			);
			buildRules = (
			);
			dependencies = (
			);
			name = CGMessaging;
			productName = CGMessaging;
			productReference = 04DA19581FD25E0600DEF6C3 /* CGMessaging.app */;
			productType = "com.apple.product-type.application";
		};
/* End PBXNativeTarget section */

/* Begin PBXProject section */
		04DA19501FD25E0600DEF6C3 /* Project object */ = {
			isa = PBXProject;
			attributes = {
				LastSwiftUpdateCheck = 0900;
				LastUpgradeCheck = 0900;
				ORGANIZATIONNAME = "Mobile Apps Company";
				TargetAttributes = {
					04DA19571FD25E0600DEF6C3 = {
						CreatedOnToolsVersion = 9.0.1;
						ProvisioningStyle = Automatic;
					};
				};
			};
			buildConfigurationList = 04DA19531FD25E0600DEF6C3 /* Build configuration list for PBXProject "CGMessaging" */;
			compatibilityVersion = "Xcode 8.0";
			developmentRegion = en;
			hasScannedForEncodings = 0;
			knownRegions = (
				en,
				Base,
			);
			mainGroup = 04DA194F1FD25E0600DEF6C3;
			productRefGroup = 04DA19591FD25E0600DEF6C3 /* Products */;
			projectDirPath = "";
			projectRoot = "";
			targets = (
				04DA19571FD25E0600DEF6C3 /* CGMessaging */,
			);
		};
/* End PBXProject section */

/* Begin PBXResourcesBuildPhase section */
		04DA19561FD25E0600DEF6C3 /* Resources */ = {
			isa = PBXResourcesBuildPhase;
			buildActionMask = 2147483647;
			files = (
				04BB25CA1FD8EFAB003E9598 /* ReceiverMsgCell.xib in Resources */,
				04DA19691FD25E0600DEF6C3 /* LaunchScreen.storyboard in Resources */,
				04DA197D1FD33EE300DEF6C3 /* GoogleService-Info.plist in Resources */,
				04DA19661FD25E0600DEF6C3 /* Assets.xcassets in Resources */,
				04DA19611FD25E0600DEF6C3 /* Main.storyboard in Resources */,
				04BB25C61FD8EF92003E9598 /* SenderMsgCell.xib in Resources */,
			);
			runOnlyForDeploymentPostprocessing = 0;
		};
/* End PBXResourcesBuildPhase section */

/* Begin PBXShellScriptBuildPhase section */
		27C20F8B05C5CF072F0D2FFB /* [CP] Check Pods Manifest.lock */ = {
			isa = PBXShellScriptBuildPhase;
			buildActionMask = 2147483647;
			files = (
			);
			inputPaths = (
				"${PODS_PODFILE_DIR_PATH}/Podfile.lock",
				"${PODS_ROOT}/Manifest.lock",
			);
			name = "[CP] Check Pods Manifest.lock";
			outputPaths = (
				"$(DERIVED_FILE_DIR)/Pods-CGMessaging-checkManifestLockResult.txt",
			);
			runOnlyForDeploymentPostprocessing = 0;
			shellPath = /bin/sh;
			shellScript = "diff \"${PODS_PODFILE_DIR_PATH}/Podfile.lock\" \"${PODS_ROOT}/Manifest.lock\" > /dev/null\nif [ $? != 0 ] ; then\n    # print error to STDERR\n    echo \"error: The sandbox is not in sync with the Podfile.lock. Run 'pod install' or update your CocoaPods installation.\" >&2\n    exit 1\nfi\n# This output is used by Xcode 'outputs' to avoid re-running this script phase.\necho \"SUCCESS\" > \"${SCRIPT_OUTPUT_FILE_0}\"\n";
			showEnvVarsInLog = 0;
		};
		28786EE39C4277F5D3538063 /* [CP] Copy Pods Resources */ = {
			isa = PBXShellScriptBuildPhase;
			buildActionMask = 2147483647;
			files = (
			);
			inputPaths = (
			);
			name = "[CP] Copy Pods Resources";
			outputPaths = (
			);
			runOnlyForDeploymentPostprocessing = 0;
			shellPath = /bin/sh;
			shellScript = "\"${SRCROOT}/Pods/Target Support Files/Pods-CGMessaging/Pods-CGMessaging-resources.sh\"\n";
			showEnvVarsInLog = 0;
		};
		809694AA2686701DBB3B3719 /* [CP] Embed Pods Frameworks */ = {
			isa = PBXShellScriptBuildPhase;
			buildActionMask = 2147483647;
			files = (
			);
			inputPaths = (
				"${SRCROOT}/Pods/Target Support Files/Pods-CGMessaging/Pods-CGMessaging-frameworks.sh",
				"${BUILT_PRODUCTS_DIR}/GTMSessionFetcher/GTMSessionFetcher.framework",
				"${BUILT_PRODUCTS_DIR}/GoogleToolboxForMac/GoogleToolboxForMac.framework",
				"${BUILT_PRODUCTS_DIR}/SlideMenuControllerSwift/SlideMenuControllerSwift.framework",
				"${BUILT_PRODUCTS_DIR}/SwiftKeychainWrapper/SwiftKeychainWrapper.framework",
				"${BUILT_PRODUCTS_DIR}/leveldb-library/leveldb.framework",
				"${BUILT_PRODUCTS_DIR}/nanopb/nanopb.framework",
			);
			name = "[CP] Embed Pods Frameworks";
			outputPaths = (
				"${TARGET_BUILD_DIR}/${FRAMEWORKS_FOLDER_PATH}/GTMSessionFetcher.framework",
				"${TARGET_BUILD_DIR}/${FRAMEWORKS_FOLDER_PATH}/GoogleToolboxForMac.framework",
				"${TARGET_BUILD_DIR}/${FRAMEWORKS_FOLDER_PATH}/SlideMenuControllerSwift.framework",
				"${TARGET_BUILD_DIR}/${FRAMEWORKS_FOLDER_PATH}/SwiftKeychainWrapper.framework",
				"${TARGET_BUILD_DIR}/${FRAMEWORKS_FOLDER_PATH}/leveldb.framework",
				"${TARGET_BUILD_DIR}/${FRAMEWORKS_FOLDER_PATH}/nanopb.framework",
			);
			runOnlyForDeploymentPostprocessing = 0;
			shellPath = /bin/sh;
			shellScript = "\"${SRCROOT}/Pods/Target Support Files/Pods-CGMessaging/Pods-CGMessaging-frameworks.sh\"\n";
			showEnvVarsInLog = 0;
		};
/* End PBXShellScriptBuildPhase section */

/* Begin PBXSourcesBuildPhase section */
		04DA19541FD25E0600DEF6C3 /* Sources */ = {
			isa = PBXSourcesBuildPhase;
			buildActionMask = 2147483647;
			files = (
				04BB25BA1FD8AD42003E9598 /* BubbleView.swift in Sources */,
				046343AE1FD46C03007285FA /* User.swift in Sources */,
				04DA19891FD348C300DEF6C3 /* RootViewController.swift in Sources */,
				046343A41FD462EA007285FA /* MenuViewController.swift in Sources */,
				04DA19731FD33C1100DEF6C3 /* LoginViewController.swift in Sources */,
				04DA19641FD25E0600DEF6C3 /* CGMessaging.xcdatamodeld in Sources */,
				04BB25C51FD8EF92003E9598 /* SenderMsgCell.swift in Sources */,
				04DA19851FD346F100DEF6C3 /* Extensions.swift in Sources */,
				046343AC1FD46BB4007285FA /* LoginManager.swift in Sources */,
				046343B01FD4AA15007285FA /* FirebaseService.swift in Sources */,
				04DA195C1FD25E0600DEF6C3 /* AppDelegate.swift in Sources */,
				04DA19831FD344CF00DEF6C3 /* Alerts.swift in Sources */,
				046343A11FD46292007285FA /* ChatViewController.swift in Sources */,
				04BB25C91FD8EFAB003E9598 /* ReceiverMsgCell.swift in Sources */,
				046343AA1FD469F1007285FA /* ChatManager.swift in Sources */,
				04BB25C21FD8E6D0003E9598 /* UserBubbleView.swift in Sources */,
				04DA19811FD3439B00DEF6C3 /* Constants.swift in Sources */,
			);
			runOnlyForDeploymentPostprocessing = 0;
		};
/* End PBXSourcesBuildPhase section */

/* Begin PBXVariantGroup section */
		04DA195F1FD25E0600DEF6C3 /* Main.storyboard */ = {
			isa = PBXVariantGroup;
			children = (
				04DA19601FD25E0600DEF6C3 /* Base */,
			);
			name = Main.storyboard;
			sourceTree = "<group>";
		};
		04DA19671FD25E0600DEF6C3 /* LaunchScreen.storyboard */ = {
			isa = PBXVariantGroup;
			children = (
				04DA19681FD25E0600DEF6C3 /* Base */,
			);
			name = LaunchScreen.storyboard;
			sourceTree = "<group>";
		};
/* End PBXVariantGroup section */

/* Begin XCBuildConfiguration section */
		04DA196B1FD25E0600DEF6C3 /* Debug */ = {
			isa = XCBuildConfiguration;
			buildSettings = {
				ALWAYS_SEARCH_USER_PATHS = NO;
				CLANG_ANALYZER_NONNULL = YES;
				CLANG_ANALYZER_NUMBER_OBJECT_CONVERSION = YES_AGGRESSIVE;
				CLANG_CXX_LANGUAGE_STANDARD = "gnu++14";
				CLANG_CXX_LIBRARY = "libc++";
				CLANG_ENABLE_MODULES = YES;
				CLANG_ENABLE_OBJC_ARC = YES;
				CLANG_WARN_BLOCK_CAPTURE_AUTORELEASING = YES;
				CLANG_WARN_BOOL_CONVERSION = YES;
				CLANG_WARN_COMMA = YES;
				CLANG_WARN_CONSTANT_CONVERSION = YES;
				CLANG_WARN_DIRECT_OBJC_ISA_USAGE = YES_ERROR;
				CLANG_WARN_DOCUMENTATION_COMMENTS = YES;
				CLANG_WARN_EMPTY_BODY = YES;
				CLANG_WARN_ENUM_CONVERSION = YES;
				CLANG_WARN_INFINITE_RECURSION = YES;
				CLANG_WARN_INT_CONVERSION = YES;
				CLANG_WARN_NON_LITERAL_NULL_CONVERSION = YES;
				CLANG_WARN_OBJC_LITERAL_CONVERSION = YES;
				CLANG_WARN_OBJC_ROOT_CLASS = YES_ERROR;
				CLANG_WARN_RANGE_LOOP_ANALYSIS = YES;
				CLANG_WARN_STRICT_PROTOTYPES = YES;
				CLANG_WARN_SUSPICIOUS_MOVE = YES;
				CLANG_WARN_UNGUARDED_AVAILABILITY = YES_AGGRESSIVE;
				CLANG_WARN_UNREACHABLE_CODE = YES;
				CLANG_WARN__DUPLICATE_METHOD_MATCH = YES;
				CODE_SIGN_IDENTITY = "iPhone Developer";
				COPY_PHASE_STRIP = NO;
				DEBUG_INFORMATION_FORMAT = dwarf;
				ENABLE_STRICT_OBJC_MSGSEND = YES;
				ENABLE_TESTABILITY = YES;
				GCC_C_LANGUAGE_STANDARD = gnu11;
				GCC_DYNAMIC_NO_PIC = NO;
				GCC_NO_COMMON_BLOCKS = YES;
				GCC_OPTIMIZATION_LEVEL = 0;
				GCC_PREPROCESSOR_DEFINITIONS = (
					"DEBUG=1",
					"$(inherited)",
				);
				GCC_WARN_64_TO_32_BIT_CONVERSION = YES;
				GCC_WARN_ABOUT_RETURN_TYPE = YES_ERROR;
				GCC_WARN_UNDECLARED_SELECTOR = YES;
				GCC_WARN_UNINITIALIZED_AUTOS = YES_AGGRESSIVE;
				GCC_WARN_UNUSED_FUNCTION = YES;
				GCC_WARN_UNUSED_VARIABLE = YES;
				IPHONEOS_DEPLOYMENT_TARGET = 11.0;
				MTL_ENABLE_DEBUG_INFO = YES;
				ONLY_ACTIVE_ARCH = YES;
				SDKROOT = iphoneos;
				SWIFT_ACTIVE_COMPILATION_CONDITIONS = DEBUG;
				SWIFT_OPTIMIZATION_LEVEL = "-Onone";
			};
			name = Debug;
		};
		04DA196C1FD25E0600DEF6C3 /* Release */ = {
			isa = XCBuildConfiguration;
			buildSettings = {
				ALWAYS_SEARCH_USER_PATHS = NO;
				CLANG_ANALYZER_NONNULL = YES;
				CLANG_ANALYZER_NUMBER_OBJECT_CONVERSION = YES_AGGRESSIVE;
				CLANG_CXX_LANGUAGE_STANDARD = "gnu++14";
				CLANG_CXX_LIBRARY = "libc++";
				CLANG_ENABLE_MODULES = YES;
				CLANG_ENABLE_OBJC_ARC = YES;
				CLANG_WARN_BLOCK_CAPTURE_AUTORELEASING = YES;
				CLANG_WARN_BOOL_CONVERSION = YES;
				CLANG_WARN_COMMA = YES;
				CLANG_WARN_CONSTANT_CONVERSION = YES;
				CLANG_WARN_DIRECT_OBJC_ISA_USAGE = YES_ERROR;
				CLANG_WARN_DOCUMENTATION_COMMENTS = YES;
				CLANG_WARN_EMPTY_BODY = YES;
				CLANG_WARN_ENUM_CONVERSION = YES;
				CLANG_WARN_INFINITE_RECURSION = YES;
				CLANG_WARN_INT_CONVERSION = YES;
				CLANG_WARN_NON_LITERAL_NULL_CONVERSION = YES;
				CLANG_WARN_OBJC_LITERAL_CONVERSION = YES;
				CLANG_WARN_OBJC_ROOT_CLASS = YES_ERROR;
				CLANG_WARN_RANGE_LOOP_ANALYSIS = YES;
				CLANG_WARN_STRICT_PROTOTYPES = YES;
				CLANG_WARN_SUSPICIOUS_MOVE = YES;
				CLANG_WARN_UNGUARDED_AVAILABILITY = YES_AGGRESSIVE;
				CLANG_WARN_UNREACHABLE_CODE = YES;
				CLANG_WARN__DUPLICATE_METHOD_MATCH = YES;
				CODE_SIGN_IDENTITY = "iPhone Developer";
				COPY_PHASE_STRIP = NO;
				DEBUG_INFORMATION_FORMAT = "dwarf-with-dsym";
				ENABLE_NS_ASSERTIONS = NO;
				ENABLE_STRICT_OBJC_MSGSEND = YES;
				GCC_C_LANGUAGE_STANDARD = gnu11;
				GCC_NO_COMMON_BLOCKS = YES;
				GCC_WARN_64_TO_32_BIT_CONVERSION = YES;
				GCC_WARN_ABOUT_RETURN_TYPE = YES_ERROR;
				GCC_WARN_UNDECLARED_SELECTOR = YES;
				GCC_WARN_UNINITIALIZED_AUTOS = YES_AGGRESSIVE;
				GCC_WARN_UNUSED_FUNCTION = YES;
				GCC_WARN_UNUSED_VARIABLE = YES;
				IPHONEOS_DEPLOYMENT_TARGET = 11.0;
				MTL_ENABLE_DEBUG_INFO = NO;
				SDKROOT = iphoneos;
				SWIFT_OPTIMIZATION_LEVEL = "-Owholemodule";
				VALIDATE_PRODUCT = YES;
			};
			name = Release;
		};
		04DA196E1FD25E0600DEF6C3 /* Debug */ = {
			isa = XCBuildConfiguration;
			baseConfigurationReference = 1960D618E82CC88DCABBF415 /* Pods-CGMessaging.debug.xcconfig */;
			buildSettings = {
				ALWAYS_EMBED_SWIFT_STANDARD_LIBRARIES = YES;
				ASSETCATALOG_COMPILER_APPICON_NAME = AppIcon;
				CODE_SIGN_STYLE = Automatic;
				INFOPLIST_FILE = CGMessaging/Info.plist;
				LD_RUNPATH_SEARCH_PATHS = "$(inherited) @executable_path/Frameworks";
				PRODUCT_BUNDLE_IDENTIFIER = COM.MAC.CGMessaging;
				PRODUCT_NAME = "$(TARGET_NAME)";
				SWIFT_VERSION = 4.0;
				TARGETED_DEVICE_FAMILY = "1,2";
			};
			name = Debug;
		};
		04DA196F1FD25E0600DEF6C3 /* Release */ = {
			isa = XCBuildConfiguration;
			baseConfigurationReference = 582489641A9490292A196E44 /* Pods-CGMessaging.release.xcconfig */;
			buildSettings = {
				ALWAYS_EMBED_SWIFT_STANDARD_LIBRARIES = YES;
				ASSETCATALOG_COMPILER_APPICON_NAME = AppIcon;
				CODE_SIGN_STYLE = Automatic;
				INFOPLIST_FILE = CGMessaging/Info.plist;
				LD_RUNPATH_SEARCH_PATHS = "$(inherited) @executable_path/Frameworks";
				PRODUCT_BUNDLE_IDENTIFIER = COM.MAC.CGMessaging;
				PRODUCT_NAME = "$(TARGET_NAME)";
				SWIFT_VERSION = 4.0;
				TARGETED_DEVICE_FAMILY = "1,2";
			};
			name = Release;
		};
/* End XCBuildConfiguration section */

/* Begin XCConfigurationList section */
		04DA19531FD25E0600DEF6C3 /* Build configuration list for PBXProject "CGMessaging" */ = {
			isa = XCConfigurationList;
			buildConfigurations = (
				04DA196B1FD25E0600DEF6C3 /* Debug */,
				04DA196C1FD25E0600DEF6C3 /* Release */,
			);
			defaultConfigurationIsVisible = 0;
			defaultConfigurationName = Release;
		};
		04DA196D1FD25E0600DEF6C3 /* Build configuration list for PBXNativeTarget "CGMessaging" */ = {
			isa = XCConfigurationList;
			buildConfigurations = (
				04DA196E1FD25E0600DEF6C3 /* Debug */,
				04DA196F1FD25E0600DEF6C3 /* Release */,
			);
			defaultConfigurationIsVisible = 0;
			defaultConfigurationName = Release;
		};
/* End XCConfigurationList section */

/* Begin XCVersionGroup section */
		04DA19621FD25E0600DEF6C3 /* CGMessaging.xcdatamodeld */ = {
			isa = XCVersionGroup;
			children = (
				04DA19631FD25E0600DEF6C3 /* CGMessaging.xcdatamodel */,
			);
			currentVersion = 04DA19631FD25E0600DEF6C3 /* CGMessaging.xcdatamodel */;
			path = CGMessaging.xcdatamodeld;
			sourceTree = "<group>";
			versionGroupType = wrapper.xcdatamodel;
		};
/* End XCVersionGroup section */
	};
	rootObject = 04DA19501FD25E0600DEF6C3 /* Project object */;
}
